# THIS IS AN AUTOGENERATED FILE. DO NOT EDIT THIS FILE DIRECTLY.
# yarn lockfile v1


"@babel/helper-module-imports@7.0.0-beta.35":
  "integrity" "sha512-vaC1KyIZSuyWb3Lj277fX0pxivyHwuDU4xZsofqgYAbkDxNieMg2vuhzP5AgMweMY7fCQUMTi+BgPqTLjkxXFg=="
  "resolved" "https://registry.npmmirror.com/@babel/helper-module-imports/-/helper-module-imports-7.0.0-beta.35.tgz"
  "version" "7.0.0-beta.35"
  dependencies:
    "@babel/types" "7.0.0-beta.35"
    "lodash" "^4.2.0"

"@babel/parser@^7.18.4":
  "integrity" "sha512-OP/s5a94frIPXwjzEcv5S/tpQfc6XhxYUnmWpgdqMWGgYCuErA3SzozaRAMQgSZWKeTJxht9aWAkUY+0UzvOFg=="
  "resolved" "https://registry.npmmirror.com/@babel/parser/-/parser-7.20.3.tgz"
  "version" "7.20.3"

"@babel/types@7.0.0-beta.35":
  "integrity" "sha512-y9XT11CozHDgjWcTdxmhSj13rJVXpa5ZXwjjOiTedjaM0ba5ItqdS02t31EhPl7HtOWxsZkYCCUNrSfrOisA6w=="
  "resolved" "https://registry.npmmirror.com/@babel/types/-/types-7.0.0-beta.35.tgz"
  "version" "7.0.0-beta.35"
  dependencies:
    "esutils" "^2.0.2"
    "lodash" "^4.2.0"
    "to-fast-properties" "^2.0.0"

"@vue/compiler-sfc@2.7.14":
  "integrity" "sha512-aNmNHyLPsw+sVvlQFQ2/8sjNuLtK54TC6cuKnVzAY93ks4ZBrvwQSnkkIh7bsbNhum5hJBS00wSDipQ937f5DA=="
  "resolved" "https://registry.npmmirror.com/@vue/compiler-sfc/-/compiler-sfc-2.7.14.tgz"
  "version" "2.7.14"
  dependencies:
    "@babel/parser" "^7.18.4"
    "postcss" "^8.4.14"
    "source-map" "^0.6.1"

"async-validator@^3.3.0":
  "integrity" "sha512-8eLCg00W9pIRZSB781UUX/H6Oskmm8xloZfr09lz5bikRpBVDlJ3hRVuxxP1SxcwsEYfJ4IU8Q19Y8/893r3rQ=="
  "resolved" "https://registry.npmmirror.com/async-validator/-/async-validator-3.5.2.tgz"
  "version" "3.5.2"

"async-validator@~1.8.1":
  "integrity" "sha512-tXBM+1m056MAX0E8TL2iCjg8WvSyXu0Zc8LNtYqrVeyoL3+esHRZ4SieE9fKQyyU09uONjnMEjrNBMqT0mbvmA=="
  "resolved" "https://registry.npmmirror.com/async-validator/-/async-validator-1.8.5.tgz"
  "version" "1.8.5"
  dependencies:
    "babel-runtime" "6.x"

"babel-helper-vue-jsx-merge-props@^2.0.0":
  "integrity" "sha512-gsLiKK7Qrb7zYJNgiXKpXblxbV5ffSwR0f5whkPAaBAR4fhi6bwRZxX9wBlIc5M/v8CCkXUbXZL4N/nSE97cqg=="
  "resolved" "https://registry.npmmirror.com/babel-helper-vue-jsx-merge-props/-/babel-helper-vue-jsx-merge-props-2.0.3.tgz"
  "version" "2.0.3"

"babel-plugin-component@^1.1.1":
  "integrity" "sha512-WUw887kJf2GH80Ng/ZMctKZ511iamHNqPhd9uKo14yzisvV7Wt1EckIrb8oq/uCz3B3PpAW7Xfl7AkTLDYT6ag=="
  "resolved" "https://registry.npmmirror.com/babel-plugin-component/-/babel-plugin-component-1.1.1.tgz"
  "version" "1.1.1"
  dependencies:
    "@babel/helper-module-imports" "7.0.0-beta.35"

"babel-runtime@6.x":
  "integrity" "sha512-ITKNuq2wKlW1fJg9sSW52eepoYgZBggvOAHC0u/CYu/qxQ9EVzThCgR69BnSXLHjy2f7SY5zaQ4yt7H9ZVxY2g=="
  "resolved" "https://registry.npmmirror.com/babel-runtime/-/babel-runtime-6.26.0.tgz"
  "version" "6.26.0"
  dependencies:
    "core-js" "^2.4.0"
    "regenerator-runtime" "^0.11.0"

"core-js@^2.4.0":
  "integrity" "sha512-Kb2wC0fvsWfQrgk8HU5lW6U/Lcs8+9aaYcy4ZFc6DDlo4nZ7n70dEgE5rtR0oG6ufKDUnrwfWL1mXR5ljDatrQ=="
  "resolved" "https://registry.npmmirror.com/core-js/-/core-js-2.6.12.tgz"
  "version" "2.6.12"

"csstype@^3.1.0":
  "integrity" "sha512-DJR/VvkAvSZW9bTouZue2sSxDwdTN92uHjqeKVm+0dAqdfNykRzQ95tay8aXMBAAPpUiq4Qcug2L7neoRh2Egw=="
  "resolved" "https://registry.npmmirror.com/csstype/-/csstype-3.1.1.tgz"
  "version" "3.1.1"

"de-indent@^1.0.2":
  "integrity" "sha512-e/1zu3xH5MQryN2zdVaF0OrdNLUbvWxzMbi+iNA6Bky7l1RoP8a2fIbRocyHclXt/arDrrR6lL3TqFD9pMQTsg=="
  "resolved" "https://registry.npmmirror.com/de-indent/-/de-indent-1.0.2.tgz"
  "version" "1.0.2"

"deepmerge@^1.2.0":
  "integrity" "sha512-95k0GDqvBjZavkuvzx/YqVLv/6YYa17fz6ILMSf7neqQITCPbnfEnQvEgMPNjH4kgobe7+WIL0yJEHku+H3qtQ=="
  "resolved" "https://registry.npmmirror.com/deepmerge/-/deepmerge-1.5.2.tgz"
  "version" "1.5.2"

"element-ui@^2.4.5":
  "integrity" "sha512-Y5FMT2BPOindU2GkDEQ5ZKUVxDawKONRNMh2eL3uBx1FOtvUJ+L6IxXLVsNxq4WnaX/UnVNgWXebl7DobygZMg=="
  "resolved" "https://registry.npmmirror.com/element-ui/-/element-ui-2.15.12.tgz"
  "version" "2.15.12"
  dependencies:
    "async-validator" "~1.8.1"
    "babel-helper-vue-jsx-merge-props" "^2.0.0"
    "deepmerge" "^1.2.0"
    "normalize-wheel" "^1.0.1"
    "resize-observer-polyfill" "^1.5.0"
    "throttle-debounce" "^1.0.1"

"esutils@^2.0.2":
  "integrity" "sha512-kVscqXk4OCp68SZ0dkgEKVi6/8ij300KBWTJq32P/dYeWTSwK41WyTxalN1eRmA5Z9UU/LX9D7FWSmV9SAYx6g=="
  "resolved" "https://registry.npmmirror.com/esutils/-/esutils-2.0.3.tgz"
  "version" "2.0.3"

"he@^1.2.0":
  "integrity" "sha512-F/1DnUGPopORZi0ni+CvrCgHQ5FyEAHRLSApuYWMmrbSwoN2Mn/7k+Gl38gJnR7yyDZk6WLXwiGod1JOWNDKGw=="
  "resolved" "https://registry.npmmirror.com/he/-/he-1.2.0.tgz"
  "version" "1.2.0"

"lodash@^4.2.0":
  "integrity" "sha512-v2kDEe57lecTulaDIuNTPy3Ry4gLGJ6Z1O3vE1krgXZNrsQ+LFTGHVxVjcXPs17LhbZVGedAJv8XZ1tvj5FvSg=="
  "resolved" "https://registry.npmmirror.com/lodash/-/lodash-4.17.21.tgz"
  "version" "4.17.21"

"nanoid@^3.3.4":
  "integrity" "sha512-MqBkQh/OHTS2egovRtLk45wEyNXwF+cokD+1YPf9u5VfJiRdAiRwB2froX5Co9Rh20xs4siNPm8naNotSD6RBw=="
  "resolved" "https://registry.npmmirror.com/nanoid/-/nanoid-3.3.4.tgz"
  "version" "3.3.4"

"normalize-wheel@^1.0.1":
  "integrity" "sha512-1OnlAPZ3zgrk8B91HyRj+eVv+kS5u+Z0SCsak6Xil/kmgEia50ga7zfkumayonZrImffAxPU/5WcyGhzetHNPA=="
  "resolved" "https://registry.npmmirror.com/normalize-wheel/-/normalize-wheel-1.0.1.tgz"
  "version" "1.0.1"

"picocolors@^1.0.0":
  "integrity" "sha512-1fygroTLlHu66zi26VoTDv8yRgm0Fccecssto+MhsZ0D/DGW2sm8E8AjW7NU5VVTRt5GxbeZ5qBuJr+HyLYkjQ=="
  "resolved" "https://registry.npmmirror.com/picocolors/-/picocolors-1.0.0.tgz"
  "version" "1.0.0"

"postcss@^8.4.14":
  "integrity" "sha512-h+pbPsyhlYj6N2ozBmHhHrs9DzGmbaarbLvWipMRO7RLS+v4onj26MPFXA5OBYFxyqYhUJK456SwDcY9H2/zsA=="
  "resolved" "https://registry.npmmirror.com/postcss/-/postcss-8.4.19.tgz"
  "version" "8.4.19"
  dependencies:
    "nanoid" "^3.3.4"
    "picocolors" "^1.0.0"
    "source-map-js" "^1.0.2"

"regenerator-runtime@^0.11.0":
  "integrity" "sha512-MguG95oij0fC3QV3URf4V2SDYGJhJnJGqvIIgdECeODCT98wSWDAJ94SSuVpYQUoTcGUIL6L4yNB7j1DFFHSBg=="
  "resolved" "https://registry.npmmirror.com/regenerator-runtime/-/regenerator-runtime-0.11.1.tgz"
  "version" "0.11.1"

"resize-observer-polyfill@^1.5.0":
  "integrity" "sha512-LwZrotdHOo12nQuZlHEmtuXdqGoOD0OhaxopaNFxWzInpEgaLWoVuAMbTzixuosCx2nEG58ngzW3vxdWoxIgdg=="
  "resolved" "https://registry.npmmirror.com/resize-observer-polyfill/-/resize-observer-polyfill-1.5.1.tgz"
  "version" "1.5.1"

"source-map-js@^1.0.2":
  "integrity" "sha512-R0XvVJ9WusLiqTCEiGCmICCMplcCkIwwR11mOSD9CR5u+IXYdiseeEuXCVAjS54zqwkLcPNnmU4OeJ6tUrWhDw=="
  "resolved" "https://registry.npmmirror.com/source-map-js/-/source-map-js-1.0.2.tgz"
  "version" "1.0.2"

"source-map@^0.6.1":
  "integrity" "sha512-UjgapumWlbMhkBgzT7Ykc5YXUT46F0iKu8SGXq0bcwP5dz/h0Plj6enJqjz1Zbq2l5WaqYnrVbwWOWMyF3F47g=="
  "resolved" "https://registry.npmmirror.com/source-map/-/source-map-0.6.1.tgz"
  "version" "0.6.1"

"throttle-debounce@^1.0.1":
  "integrity" "sha512-XH8UiPCQcWNuk2LYePibW/4qL97+ZQ1AN3FNXwZRBNPPowo/NRU5fAlDCSNBJIYCKbioZfuYtMhG4quqoJhVzg=="
  "resolved" "https://registry.npmmirror.com/throttle-debounce/-/throttle-debounce-1.1.0.tgz"
  "version" "1.1.0"

"to-fast-properties@^2.0.0":
  "integrity" "sha512-/OaKK0xYrs3DmxRYqL/yDc+FxFUVYhDlXMhRmv3z915w2HF1tnN1omB354j8VUGO/hbRzyD6Y3sA7v7GS/ceog=="
  "resolved" "https://registry.npmmirror.com/to-fast-properties/-/to-fast-properties-2.0.0.tgz"
  "version" "2.0.0"

"vue-cli-plugin-element@~1.0.1":
  "integrity" "sha512-OJSOnJtn7f1v/8xX+MJae+RrE8WguhiiG9QTBx/MNOPXYsxqut6Ommo+ZD3raNc7eryhqdM2T/DlMfdvIKpCtw=="
  "resolved" "https://registry.npmmirror.com/vue-cli-plugin-element/-/vue-cli-plugin-element-1.0.1.tgz"
  "version" "1.0.1"

"vue-template-compiler@^2.7.14":
  "integrity" "sha512-zyA5Y3ArvVG0NacJDkkzJuPQDF8RFeRlzV2vLeSnhSpieO6LK2OVbdLPi5MPPs09Ii+gMO8nY4S3iKQxBxDmWQ=="
  "resolved" "https://registry.npmmirror.com/vue-template-compiler/-/vue-template-compiler-2.7.14.tgz"
  "version" "2.7.14"
  dependencies:
    "de-indent" "^1.0.2"
    "he" "^1.2.0"

"vue@^2.5.17":
  "integrity" "sha512-b2qkFyOM0kwqWFuQmgd4o+uHGU7T+2z3T+WQp8UBjADfEv2n4FEMffzBmCKNP0IGzOEEfYjvtcC62xaSKeQDrQ=="
  "resolved" "https://registry.npmmirror.com/vue/-/vue-2.7.14.tgz"
  "version" "2.7.14"
  dependencies:
    "@vue/compiler-sfc" "2.7.14"
    "csstype" "^3.1.0"
